<Solution>
  <Project Path="Victoria.Application/Victoria.Application.csproj" />
  <Project Path="Victoria.Backend/Victoria.Backend.csproj" />
  <Project Path="Victoria.Domain/Victoria.Domain.csproj" />
  <Project Path="Victoria.Infrastructure/Victoria.Infrastructure.csproj" />
  <Project Path="Victoria.Mobile/Victoria.Mobile.csproj" Id="a0258945-25f1-4263-a7a1-5796ef541653" />
  <Project Path="Victoria.Web/Victoria.Web.csproj" Id="bc13a119-a3ca-4178-8cb3-10cc9ce27d29" />
</Solution>
